
Microsoft Visual Studio Solution File, Format Version 12.00
# Visual Studio Version 17
VisualStudioVersion = 17.6.33829.357
MinimumVisualStudioVersion = 10.0.40219.1
Project("{FAE04EC0-301F-11D3-BF4B-00C04F79EFBC}") = "ValverdeCristian.23", "ValverdeCristian.23\ValverdeCristian.23.csproj", "{C6516956-0D7A-4C09-8AA6-23DE74BA659E}"
EndProject
Project("{FAE04EC0-301F-11D3-BF4B-00C04F79EFBC}") = "Cristian", "Cristian\Cristian.csproj", "{83085DA0-68BC-48FF-9812-326761C4002D}"
EndProject
Global
	GlobalSection(SolutionConfigurationPlatforms) = preSolution
		Debug|Any CPU = Debug|Any CPU
		Release|Any CPU = Release|Any CPU
	EndGlobalSection
	GlobalSection(ProjectConfigurationPlatforms) = postSolution
		{C6516956-0D7A-4C09-8AA6-23DE74BA659E}.Debug|Any CPU.ActiveCfg = Debug|Any CPU
		{C6516956-0D7A-4C09-8AA6-23DE74BA659E}.Debug|Any CPU.Build.0 = Debug|Any CPU
		{C6516956-0D7A-4C09-8AA6-23DE74BA659E}.Release|Any CPU.ActiveCfg = Release|Any CPU
		{C6516956-0D7A-4C09-8AA6-23DE74BA659E}.Release|Any CPU.Build.0 = Release|Any CPU
		{83085DA0-68BC-48FF-9812-326761C4002D}.Debug|Any CPU.ActiveCfg = Debug|Any CPU
		{83085DA0-68BC-48FF-9812-326761C4002D}.Debug|Any CPU.Build.0 = Debug|Any CPU
		{83085DA0-68BC-48FF-9812-326761C4002D}.Release|Any CPU.ActiveCfg = Release|Any CPU
		{83085DA0-68BC-48FF-9812-326761C4002D}.Release|Any CPU.Build.0 = Release|Any CPU
	EndGlobalSection
	GlobalSection(SolutionProperties) = preSolution
		HideSolutionNode = FALSE
	EndGlobalSection
	GlobalSection(ExtensibilityGlobals) = postSolution
		SolutionGuid = {559F3C31-15D3-4CEB-B7ED-9593D4DB061A}
	EndGlobalSection
EndGlobal
